
Microsoft Visual Studio Solution File, Format Version 12.00
# Visual Studio Version 17
VisualStudioVersion = 17.9.34728.123
MinimumVisualStudioVersion = 10.0.40219.1
Project("{FAE04EC0-301F-11D3-BF4B-00C04F79EFBC}") = "VistaExcepciones", "VistaExcepciones\VistaExcepciones.csproj", "{71A32DB8-6F69-4089-82EB-A7A5F62B35A4}"
EndProject
Global
	GlobalSection(SolutionConfigurationPlatforms) = preSolution
		Debug|Any CPU = Debug|Any CPU
		Release|Any CPU = Release|Any CPU
	EndGlobalSection
	GlobalSection(ProjectConfigurationPlatforms) = postSolution
		{71A32DB8-6F69-4089-82EB-A7A5F62B35A4}.Debug|Any CPU.ActiveCfg = Debug|Any CPU
		{71A32DB8-6F69-4089-82EB-A7A5F62B35A4}.Debug|Any CPU.Build.0 = Debug|Any CPU
		{71A32DB8-6F69-4089-82EB-A7A5F62B35A4}.Release|Any CPU.ActiveCfg = Release|Any CPU
		{71A32DB8-6F69-4089-82EB-A7A5F62B35A4}.Release|Any CPU.Build.0 = Release|Any CPU
	EndGlobalSection
	GlobalSection(SolutionProperties) = preSolution
		HideSolutionNode = FALSE
	EndGlobalSection
	GlobalSection(ExtensibilityGlobals) = postSolution
		SolutionGuid = {672BFDAB-8505-41D7-B84B-91E143C09BA6}
	EndGlobalSection
EndGlobal
